
Microsoft Visual Studio Solution File, Format Version 12.00
# Visual Studio Version 16
VisualStudioVersion = 16.0.30114.105
MinimumVisualStudioVersion = 10.0.40219.1
Project("{FAE04EC0-301F-11D3-BF4B-00C04F79EFBC}") = "ClientProjetDomLog", "ClientProjetDomLog.csproj", "{EB4FBDCF-3B2E-49EF-BE6C-49829CB46816}"
EndProject
Global
	GlobalSection(SolutionConfigurationPlatforms) = preSolution
		Debug|Any CPU = Debug|Any CPU
		Release|Any CPU = Release|Any CPU
	EndGlobalSection
	GlobalSection(ProjectConfigurationPlatforms) = postSolution
		{EB4FBDCF-3B2E-49EF-BE6C-49829CB46816}.Debug|Any CPU.ActiveCfg = Debug|Any CPU
		{EB4FBDCF-3B2E-49EF-BE6C-49829CB46816}.Debug|Any CPU.Build.0 = Debug|Any CPU
		{EB4FBDCF-3B2E-49EF-BE6C-49829CB46816}.Release|Any CPU.ActiveCfg = Release|Any CPU
		{EB4FBDCF-3B2E-49EF-BE6C-49829CB46816}.Release|Any CPU.Build.0 = Release|Any CPU
	EndGlobalSection
	GlobalSection(SolutionProperties) = preSolution
		HideSolutionNode = FALSE
	EndGlobalSection
	GlobalSection(ExtensibilityGlobals) = postSolution
		SolutionGuid = {115EB30B-1A67-446C-8978-8D1215F83FEC}
	EndGlobalSection
EndGlobal
